
Microsoft Visual Studio Solution File, Format Version 12.00
# Visual Studio Version 16
VisualStudioVersion = 16.0.31729.503
MinimumVisualStudioVersion = 10.0.40219.1
Project("{9A19103F-16F7-4668-BE54-9A1E7A4F7556}") = "ZTP.Common", "ZTP.Common.csproj", "{0EE0CF32-7126-4E9F-B898-0AEFF569ECCC}"
EndProject
Global
	GlobalSection(SolutionConfigurationPlatforms) = preSolution
		Debug|Any CPU = Debug|Any CPU
		Release|Any CPU = Release|Any CPU
	EndGlobalSection
	GlobalSection(ProjectConfigurationPlatforms) = postSolution
		{0EE0CF32-7126-4E9F-B898-0AEFF569ECCC}.Debug|Any CPU.ActiveCfg = Debug|Any CPU
		{0EE0CF32-7126-4E9F-B898-0AEFF569ECCC}.Debug|Any CPU.Build.0 = Debug|Any CPU
		{0EE0CF32-7126-4E9F-B898-0AEFF569ECCC}.Release|Any CPU.ActiveCfg = Release|Any CPU
		{0EE0CF32-7126-4E9F-B898-0AEFF569ECCC}.Release|Any CPU.Build.0 = Release|Any CPU
	EndGlobalSection
	GlobalSection(SolutionProperties) = preSolution
		HideSolutionNode = FALSE
	EndGlobalSection
	GlobalSection(ExtensibilityGlobals) = postSolution
		SolutionGuid = {469DBE9C-D56C-424B-B4C1-75A49577A3EA}
	EndGlobalSection
EndGlobal
