
Microsoft Visual Studio Solution File, Format Version 12.00
# Visual Studio Version 17
VisualStudioVersion = 17.0.31912.275
MinimumVisualStudioVersion = 10.0.40219.1
Project("{2150E333-8FDC-42A3-9474-1A3956D46DE8}") = "UI", "UI", "{01D43BE9-0D92-44AE-8D38-B2A09CEEF32F}"
EndProject
Project("{9A19103F-16F7-4668-BE54-9A1E7A4F7556}") = "ZTP", "ZTP\ZTP.csproj", "{80911147-DDD5-493B-87DB-1FD76D5C665A}"
EndProject
Project("{2150E333-8FDC-42A3-9474-1A3956D46DE8}") = "Domain", "Domain", "{943FDBB0-44C0-4DB5-9D9D-DC1BC2B05E3B}"
EndProject
Project("{9A19103F-16F7-4668-BE54-9A1E7A4F7556}") = "ZTP.Common", "ZTP.Common\ZTP.Common.csproj", "{6C212629-33A9-4FEB-9876-4DF11AFBCA13}"
EndProject
Project("{2150E333-8FDC-42A3-9474-1A3956D46DE8}") = "Infrastructure", "Infrastructure", "{0CD5E618-5996-4B53-BC19-8A0A263BED07}"
EndProject
Project("{9A19103F-16F7-4668-BE54-9A1E7A4F7556}") = "ZTP.EntityFramework", "ZTP.EntityFramework\ZTP.EntityFramework.csproj", "{FF6A7D28-845B-476A-845F-E1D9688F311F}"
EndProject
Project("{9A19103F-16F7-4668-BE54-9A1E7A4F7556}") = "ZTP.Facades", "ZTP.Facades\ZTP.Facades.csproj", "{686EF643-9944-41F6-A740-46F676765ECA}"
EndProject
Project("{9A19103F-16F7-4668-BE54-9A1E7A4F7556}") = "ZTP.Interfaces.Facades", "ZTP.Interfaces.Facades\ZTP.Interfaces.Facades.csproj", "{FEA1D857-50CE-4119-8286-DFBFAA2C327A}"
EndProject
Project("{9A19103F-16F7-4668-BE54-9A1E7A4F7556}") = "ZTP.Interfaces.Infrastructure", "ZTP.Interfaces.Infrastructure\ZTP.Interfaces.Infrastructure.csproj", "{169D346F-EFBE-43A7-B6D9-74CE064D8637}"
EndProject
Project("{2150E333-8FDC-42A3-9474-1A3956D46DE8}") = "DI", "DI", "{07A257BB-A718-4B42-8B0B-9B7DB2D66B82}"
EndProject
Project("{9A19103F-16F7-4668-BE54-9A1E7A4F7556}") = "ZTP.DI", "ZTP.DI\ZTP.DI.csproj", "{1F658959-FED5-402F-9E47-86A1DB6EA5FF}"
EndProject
Global
	GlobalSection(SolutionConfigurationPlatforms) = preSolution
		Debug|Any CPU = Debug|Any CPU
		Release|Any CPU = Release|Any CPU
	EndGlobalSection
	GlobalSection(ProjectConfigurationPlatforms) = postSolution
		{80911147-DDD5-493B-87DB-1FD76D5C665A}.Debug|Any CPU.ActiveCfg = Debug|Any CPU
		{80911147-DDD5-493B-87DB-1FD76D5C665A}.Debug|Any CPU.Build.0 = Debug|Any CPU
		{80911147-DDD5-493B-87DB-1FD76D5C665A}.Release|Any CPU.ActiveCfg = Release|Any CPU
		{80911147-DDD5-493B-87DB-1FD76D5C665A}.Release|Any CPU.Build.0 = Release|Any CPU
		{6C212629-33A9-4FEB-9876-4DF11AFBCA13}.Debug|Any CPU.ActiveCfg = Debug|Any CPU
		{6C212629-33A9-4FEB-9876-4DF11AFBCA13}.Debug|Any CPU.Build.0 = Debug|Any CPU
		{6C212629-33A9-4FEB-9876-4DF11AFBCA13}.Release|Any CPU.ActiveCfg = Release|Any CPU
		{6C212629-33A9-4FEB-9876-4DF11AFBCA13}.Release|Any CPU.Build.0 = Release|Any CPU
		{FF6A7D28-845B-476A-845F-E1D9688F311F}.Debug|Any CPU.ActiveCfg = Debug|Any CPU
		{FF6A7D28-845B-476A-845F-E1D9688F311F}.Debug|Any CPU.Build.0 = Debug|Any CPU
		{FF6A7D28-845B-476A-845F-E1D9688F311F}.Release|Any CPU.ActiveCfg = Release|Any CPU
		{FF6A7D28-845B-476A-845F-E1D9688F311F}.Release|Any CPU.Build.0 = Release|Any CPU
		{686EF643-9944-41F6-A740-46F676765ECA}.Debug|Any CPU.ActiveCfg = Debug|Any CPU
		{686EF643-9944-41F6-A740-46F676765ECA}.Debug|Any CPU.Build.0 = Debug|Any CPU
		{686EF643-9944-41F6-A740-46F676765ECA}.Release|Any CPU.ActiveCfg = Release|Any CPU
		{686EF643-9944-41F6-A740-46F676765ECA}.Release|Any CPU.Build.0 = Release|Any CPU
		{FEA1D857-50CE-4119-8286-DFBFAA2C327A}.Debug|Any CPU.ActiveCfg = Debug|Any CPU
		{FEA1D857-50CE-4119-8286-DFBFAA2C327A}.Debug|Any CPU.Build.0 = Debug|Any CPU
		{FEA1D857-50CE-4119-8286-DFBFAA2C327A}.Release|Any CPU.ActiveCfg = Release|Any CPU
		{FEA1D857-50CE-4119-8286-DFBFAA2C327A}.Release|Any CPU.Build.0 = Release|Any CPU
		{169D346F-EFBE-43A7-B6D9-74CE064D8637}.Debug|Any CPU.ActiveCfg = Debug|Any CPU
		{169D346F-EFBE-43A7-B6D9-74CE064D8637}.Debug|Any CPU.Build.0 = Debug|Any CPU
		{169D346F-EFBE-43A7-B6D9-74CE064D8637}.Release|Any CPU.ActiveCfg = Release|Any CPU
		{169D346F-EFBE-43A7-B6D9-74CE064D8637}.Release|Any CPU.Build.0 = Release|Any CPU
		{1F658959-FED5-402F-9E47-86A1DB6EA5FF}.Debug|Any CPU.ActiveCfg = Debug|Any CPU
		{1F658959-FED5-402F-9E47-86A1DB6EA5FF}.Debug|Any CPU.Build.0 = Debug|Any CPU
		{1F658959-FED5-402F-9E47-86A1DB6EA5FF}.Release|Any CPU.ActiveCfg = Release|Any CPU
		{1F658959-FED5-402F-9E47-86A1DB6EA5FF}.Release|Any CPU.Build.0 = Release|Any CPU
	EndGlobalSection
	GlobalSection(SolutionProperties) = preSolution
		HideSolutionNode = FALSE
	EndGlobalSection
	GlobalSection(NestedProjects) = preSolution
		{80911147-DDD5-493B-87DB-1FD76D5C665A} = {01D43BE9-0D92-44AE-8D38-B2A09CEEF32F}
		{6C212629-33A9-4FEB-9876-4DF11AFBCA13} = {943FDBB0-44C0-4DB5-9D9D-DC1BC2B05E3B}
		{FF6A7D28-845B-476A-845F-E1D9688F311F} = {0CD5E618-5996-4B53-BC19-8A0A263BED07}
		{686EF643-9944-41F6-A740-46F676765ECA} = {943FDBB0-44C0-4DB5-9D9D-DC1BC2B05E3B}
		{FEA1D857-50CE-4119-8286-DFBFAA2C327A} = {943FDBB0-44C0-4DB5-9D9D-DC1BC2B05E3B}
		{169D346F-EFBE-43A7-B6D9-74CE064D8637} = {943FDBB0-44C0-4DB5-9D9D-DC1BC2B05E3B}
		{1F658959-FED5-402F-9E47-86A1DB6EA5FF} = {07A257BB-A718-4B42-8B0B-9B7DB2D66B82}
	EndGlobalSection
	GlobalSection(ExtensibilityGlobals) = postSolution
		SolutionGuid = {3BC2331E-C11C-4BD0-B830-8B98BF50F64C}
	EndGlobalSection
EndGlobal
