
Microsoft Visual Studio Solution File, Format Version 12.00
# Visual Studio Version 16
VisualStudioVersion = 16.0.31729.503
MinimumVisualStudioVersion = 10.0.40219.1
Project("{9A19103F-16F7-4668-BE54-9A1E7A4F7556}") = "ZTP.Interfaces.Infrastructure", "ZTP.Interfaces.Infrastructure.csproj", "{B5012368-4C28-4B22-AB86-DE0B5B811A8B}"
EndProject
Global
	GlobalSection(SolutionConfigurationPlatforms) = preSolution
		Debug|Any CPU = Debug|Any CPU
		Release|Any CPU = Release|Any CPU
	EndGlobalSection
	GlobalSection(ProjectConfigurationPlatforms) = postSolution
		{B5012368-4C28-4B22-AB86-DE0B5B811A8B}.Debug|Any CPU.ActiveCfg = Debug|Any CPU
		{B5012368-4C28-4B22-AB86-DE0B5B811A8B}.Debug|Any CPU.Build.0 = Debug|Any CPU
		{B5012368-4C28-4B22-AB86-DE0B5B811A8B}.Release|Any CPU.ActiveCfg = Release|Any CPU
		{B5012368-4C28-4B22-AB86-DE0B5B811A8B}.Release|Any CPU.Build.0 = Release|Any CPU
	EndGlobalSection
	GlobalSection(SolutionProperties) = preSolution
		HideSolutionNode = FALSE
	EndGlobalSection
	GlobalSection(ExtensibilityGlobals) = postSolution
		SolutionGuid = {2513108A-073D-40CD-9086-01CFB93B727C}
	EndGlobalSection
EndGlobal
